
Microsoft Visual Studio Solution File, Format Version 11.00
# Visual C++ Express 2010
Project("{8BC9CEB8-8B4A-11D0-8D11-00A0C91BC942}") = "C实验一", "C实验一\C实验一.vcxproj", "{48E8F25A-AB58-4B92-8557-B913757B2731}"
EndProject
Global
	GlobalSection(SolutionConfigurationPlatforms) = preSolution
		Debug|Win32 = Debug|Win32
		Release|Win32 = Release|Win32
	EndGlobalSection
	GlobalSection(ProjectConfigurationPlatforms) = postSolution
		{48E8F25A-AB58-4B92-8557-B913757B2731}.Debug|Win32.ActiveCfg = Debug|Win32
		{48E8F25A-AB58-4B92-8557-B913757B2731}.Debug|Win32.Build.0 = Debug|Win32
		{48E8F25A-AB58-4B92-8557-B913757B2731}.Release|Win32.ActiveCfg = Release|Win32
		{48E8F25A-AB58-4B92-8557-B913757B2731}.Release|Win32.Build.0 = Release|Win32
	EndGlobalSection
	GlobalSection(SolutionProperties) = preSolution
		HideSolutionNode = FALSE
	EndGlobalSection
EndGlobal
